<?xml version="1.0" encoding="utf-8"?>
<Project ToolsVersion="4.0" xmlns="http://schemas.microsoft.com/developer/msbuild/2003">
  <ItemGroup>
    <Filter Include="Source Files">
      <UniqueIdentifier>{4FC737F1-C7A5-4376-A066-2A32D752A2FF}</UniqueIdentifier>
      <Extensions>cpp;c;cc;cxx;def;odl;idl;hpj;bat;asm;asmx</Extensions>
    </Filter>
    <Filter Include="Header Files">
      <UniqueIdentifier>{93995380-89BD-4b04-88EB-625FBE52EBFB}</UniqueIdentifier>
      <Extensions>h;hpp;hxx;hm;inl;inc;xsd</Extensions>
    </Filter>
    <Filter Include="Resource Files">
      <UniqueIdentifier>{67DA6AB6-F800-4c08-8B7A-83BB121AAD01}</UniqueIdentifier>
      <Extensions>rc;ico;cur;bmp;dlg;rc2;rct;bin;rgs;gif;jpg;jpeg;jpe;resx;tiff;tif;png;wav</Extensions>
    </Filter>
  </ItemGroup>
  <ItemGroup>
    <ClCompile Include="VGCAdjustment.cpp">
      <Filter>Source Files</Filter>
    </ClCompile>
    <ClCompile Include="VGCAssert.cpp">
      <Filter>Source Files</Filter>
    </ClCompile>
    <ClCompile Include="VGCBootstrap.cpp">
      <Filter>Source Files</Filter>
    </ClCompile>
    <ClCompile Include="VGCBus.cpp">
      <Filter>Source Files</Filter>
    </ClCompile>
    <ClCompile Include="VGCClock.cpp">
      <Filter>Source Files</Filter>
    </ClCompile>
    <ClCompile Include="VGCColor.cpp">
      <Filter>Source Files</Filter>
    </ClCompile>
    <ClCompile Include="VGCDisplay.cpp">
      <Filter>Source Files</Filter>
    </ClCompile>
    <ClCompile Include="VGCError.cpp">
      <Filter>Source Files</Filter>
    </ClCompile>
    <ClCompile Include="VGCFontImp.cpp">
      <Filter>Source Files</Filter>
    </ClCompile>
    <ClCompile Include="VGCGDIPlus.cpp">
      <Filter>Source Files</Filter>
    </ClCompile>
    <ClCompile Include="VGCHandler.cpp">
      <Filter>Source Files</Filter>
    </ClCompile>
    <ClCompile Include="VGCImageImp.cpp">
      <Filter>Source Files</Filter>
    </ClCompile>
    <ClCompile Include="VGCKey.cpp">
      <Filter>Source Files</Filter>
    </ClCompile>
    <ClCompile Include="VGCKeyboard.cpp">
      <Filter>Source Files</Filter>
    </ClCompile>
    <ClCompile Include="VGCMessage.cpp">
      <Filter>Source Files</Filter>
    </ClCompile>
    <ClCompile Include="VGCRandomizer.cpp">
      <Filter>Source Files</Filter>
    </ClCompile>
    <ClCompile Include="VGCRectangle.cpp">
      <Filter>Source Files</Filter>
    </ClCompile>
    <ClCompile Include="VGCReferenced.cpp">
      <Filter>Source Files</Filter>
    </ClCompile>
    <ClCompile Include="VGCTimerImp.cpp">
      <Filter>Source Files</Filter>
    </ClCompile>
    <ClCompile Include="VGCVector.cpp">
      <Filter>Source Files</Filter>
    </ClCompile>
    <ClCompile Include="VGCVirtualGameConsole.cpp">
      <Filter>Source Files</Filter>
    </ClCompile>
    <ClCompile Include="VGCWindow.cpp">
      <Filter>Source Files</Filter>
    </ClCompile>
  </ItemGroup>
  <ItemGroup>
    <ClInclude Include="VGCAdjustment.h">
      <Filter>Header Files</Filter>
    </ClInclude>
    <ClInclude Include="VGCAssert.h">
      <Filter>Header Files</Filter>
    </ClInclude>
    <ClInclude Include="VGCBootstrap.h">
      <Filter>Header Files</Filter>
    </ClInclude>
    <ClInclude Include="VGCBus.h">
      <Filter>Header Files</Filter>
    </ClInclude>
    <ClInclude Include="VGCClock.h">
      <Filter>Header Files</Filter>
    </ClInclude>
    <ClInclude Include="VGCColor.h">
      <Filter>Header Files</Filter>
    </ClInclude>
    <ClInclude Include="VGCDisplay.h">
      <Filter>Header Files</Filter>
    </ClInclude>
    <ClInclude Include="VGCError.h">
      <Filter>Header Files</Filter>
    </ClInclude>
    <ClInclude Include="VGCFontImp.h">
      <Filter>Header Files</Filter>
    </ClInclude>
    <ClInclude Include="VGCGDIPlus.h">
      <Filter>Header Files</Filter>
    </ClInclude>
    <ClInclude Include="VGCHandler.h">
      <Filter>Header Files</Filter>
    </ClInclude>
    <ClInclude Include="VGCImageImp.h">
      <Filter>Header Files</Filter>
    </ClInclude>
    <ClInclude Include="VGCKey.h">
      <Filter>Header Files</Filter>
    </ClInclude>
    <ClInclude Include="VGCKeyboard.h">
      <Filter>Header Files</Filter>
    </ClInclude>
    <ClInclude Include="VGCMessage.h">
      <Filter>Header Files</Filter>
    </ClInclude>
    <ClInclude Include="VGCRandomizer.h">
      <Filter>Header Files</Filter>
    </ClInclude>
    <ClInclude Include="VGCRectangle.h">
      <Filter>Header Files</Filter>
    </ClInclude>
    <ClInclude Include="VGCReferenced.h">
      <Filter>Header Files</Filter>
    </ClInclude>
    <ClInclude Include="VGCTimerImp.h">
      <Filter>Header Files</Filter>
    </ClInclude>
    <ClInclude Include="VGCVector.h">
      <Filter>Header Files</Filter>
    </ClInclude>
    <ClInclude Include="VGCVirtualGameConsole.h">
      <Filter>Header Files</Filter>
    </ClInclude>
    <ClInclude Include="VGCWindow.h">
      <Filter>Header Files</Filter>
    </ClInclude>
  </ItemGroup>
</Project>