<?xml version="1.0" encoding="utf-8"?>
<Project ToolsVersion="4.0" xmlns="http://schemas.microsoft.com/developer/msbuild/2003">
  <ItemGroup>
    <Filter Include="Source Files">
      <UniqueIdentifier>{4FC737F1-C7A5-4376-A066-2A32D752A2FF}</UniqueIdentifier>
      <Extensions>cpp;c;cc;cxx;def;odl;idl;hpj;bat;asm;asmx</Extensions>
    </Filter>
    <Filter Include="Header Files">
      <UniqueIdentifier>{93995380-89BD-4b04-88EB-625FBE52EBFB}</UniqueIdentifier>
      <Extensions>h;hpp;hxx;hm;inl;inc;xsd</Extensions>
    </Filter>
    <Filter Include="Resource Files">
      <UniqueIdentifier>{67DA6AB6-F800-4c08-8B7A-83BB121AAD01}</UniqueIdentifier>
      <Extensions>rc;ico;cur;bmp;dlg;rc2;rct;bin;rgs;gif;jpg;jpeg;jpe;resx;tiff;tif;png;wav</Extensions>
    </Filter>
  </ItemGroup>
  <ItemGroup>
    <ClCompile Include="Main.cpp">
      <Filter>Source Files</Filter>
    </ClCompile>
    <ClCompile Include="VGCAdjustmentTest.cpp">
      <Filter>Source Files</Filter>
    </ClCompile>
    <ClCompile Include="VGCAssertTest.cpp">
      <Filter>Source Files</Filter>
    </ClCompile>
    <ClCompile Include="VGCBootstrapTest.cpp">
      <Filter>Source Files</Filter>
    </ClCompile>
    <ClCompile Include="VGCBusTest.cpp">
      <Filter>Source Files</Filter>
    </ClCompile>
    <ClCompile Include="VGCClockTest.cpp">
      <Filter>Source Files</Filter>
    </ClCompile>
    <ClCompile Include="VGCColorTest.cpp">
      <Filter>Source Files</Filter>
    </ClCompile>
    <ClCompile Include="VGCDisplayTest.cpp">
      <Filter>Source Files</Filter>
    </ClCompile>
    <ClCompile Include="VGCErrorTest.cpp">
      <Filter>Source Files</Filter>
    </ClCompile>
    <ClCompile Include="VGCFontImpTest.cpp">
      <Filter>Source Files</Filter>
    </ClCompile>
    <ClCompile Include="VGCGDIPlusTest.cpp">
      <Filter>Source Files</Filter>
    </ClCompile>
    <ClCompile Include="VGCHandlerTest.cpp">
      <Filter>Source Files</Filter>
    </ClCompile>
    <ClCompile Include="VGCImageImpTest.cpp">
      <Filter>Source Files</Filter>
    </ClCompile>
    <ClCompile Include="VGCKeyboardTest.cpp">
      <Filter>Source Files</Filter>
    </ClCompile>
    <ClCompile Include="VGCKeyTest.cpp">
      <Filter>Source Files</Filter>
    </ClCompile>
    <ClCompile Include="VGCMessageTest.cpp">
      <Filter>Source Files</Filter>
    </ClCompile>
    <ClCompile Include="VGCRandomizerTest.cpp">
      <Filter>Source Files</Filter>
    </ClCompile>
    <ClCompile Include="VGCRectangleTest.cpp">
      <Filter>Source Files</Filter>
    </ClCompile>
    <ClCompile Include="VGCReferencedTest.cpp">
      <Filter>Source Files</Filter>
    </ClCompile>
    <ClCompile Include="VGCTimerImpTest.cpp">
      <Filter>Source Files</Filter>
    </ClCompile>
    <ClCompile Include="VGCVectorTest.cpp">
      <Filter>Source Files</Filter>
    </ClCompile>
    <ClCompile Include="VGCVirtualGameConsoleTest.cpp">
      <Filter>Source Files</Filter>
    </ClCompile>
    <ClCompile Include="VGCWindowTest.cpp">
      <Filter>Source Files</Filter>
    </ClCompile>
  </ItemGroup>
  <ItemGroup>
    <ClInclude Include="VGCAdjustmentTest.h">
      <Filter>Header Files</Filter>
    </ClInclude>
    <ClInclude Include="VGCAssertTest.h">
      <Filter>Header Files</Filter>
    </ClInclude>
    <ClInclude Include="VGCBootstrapTest.h">
      <Filter>Header Files</Filter>
    </ClInclude>
    <ClInclude Include="VGCBusTest.h">
      <Filter>Header Files</Filter>
    </ClInclude>
    <ClInclude Include="VGCClockTest.h">
      <Filter>Header Files</Filter>
    </ClInclude>
    <ClInclude Include="VGCColorTest.h">
      <Filter>Header Files</Filter>
    </ClInclude>
    <ClInclude Include="VGCDisplayTest.h">
      <Filter>Header Files</Filter>
    </ClInclude>
    <ClInclude Include="VGCErrorTest.h">
      <Filter>Header Files</Filter>
    </ClInclude>
    <ClInclude Include="VGCFontImpTest.h">
      <Filter>Header Files</Filter>
    </ClInclude>
    <ClInclude Include="VGCGDIPlusTest.h">
      <Filter>Header Files</Filter>
    </ClInclude>
    <ClInclude Include="VGCHandlerTest.h">
      <Filter>Header Files</Filter>
    </ClInclude>
    <ClInclude Include="VGCImageImpTest.h">
      <Filter>Header Files</Filter>
    </ClInclude>
    <ClInclude Include="VGCKeyboardTest.h">
      <Filter>Header Files</Filter>
    </ClInclude>
    <ClInclude Include="VGCKeyTest.h">
      <Filter>Header Files</Filter>
    </ClInclude>
    <ClInclude Include="VGCMessageTest.h">
      <Filter>Header Files</Filter>
    </ClInclude>
    <ClInclude Include="VGCRandomizerTest.h">
      <Filter>Header Files</Filter>
    </ClInclude>
    <ClInclude Include="VGCRectangleTest.h">
      <Filter>Header Files</Filter>
    </ClInclude>
    <ClInclude Include="VGCReferencedTest.h">
      <Filter>Header Files</Filter>
    </ClInclude>
    <ClInclude Include="VGCTimerImpTest.h">
      <Filter>Header Files</Filter>
    </ClInclude>
    <ClInclude Include="VGCVectorTest.h">
      <Filter>Header Files</Filter>
    </ClInclude>
    <ClInclude Include="VGCVirtualGameConsoleTest.h">
      <Filter>Header Files</Filter>
    </ClInclude>
    <ClInclude Include="VGCWindowTest.h">
      <Filter>Header Files</Filter>
    </ClInclude>
  </ItemGroup>
</Project>